
Microsoft Visual Studio Solution File, Format Version 12.00
# Visual Studio Version 17
VisualStudioVersion = 17.0.32112.339
MinimumVisualStudioVersion = 10.0.40219.1
Project("{FAE04EC0-301F-11D3-BF4B-00C04F79EFBC}") = "FirstHomework", "FirstHomework\FirstHomework.csproj", "{4E95A9ED-C0CE-46B7-B3A1-7422B312783E}"
EndProject
Global
	GlobalSection(SolutionConfigurationPlatforms) = preSolution
		Debug|Any CPU = Debug|Any CPU
		Release|Any CPU = Release|Any CPU
	EndGlobalSection
	GlobalSection(ProjectConfigurationPlatforms) = postSolution
		{4E95A9ED-C0CE-46B7-B3A1-7422B312783E}.Debug|Any CPU.ActiveCfg = Debug|Any CPU
		{4E95A9ED-C0CE-46B7-B3A1-7422B312783E}.Debug|Any CPU.Build.0 = Debug|Any CPU
		{4E95A9ED-C0CE-46B7-B3A1-7422B312783E}.Release|Any CPU.ActiveCfg = Release|Any CPU
		{4E95A9ED-C0CE-46B7-B3A1-7422B312783E}.Release|Any CPU.Build.0 = Release|Any CPU
	EndGlobalSection
	GlobalSection(SolutionProperties) = preSolution
		HideSolutionNode = FALSE
	EndGlobalSection
	GlobalSection(ExtensibilityGlobals) = postSolution
		SolutionGuid = {DC9A5BFE-49E3-4C32-9FAB-457E3A5E34A7}
	EndGlobalSection
EndGlobal
